schema: '2.0'
stages:
  eda:
    cmd: python eda.py data/train.csv reports/eda
    deps:
    - path: data/train.csv
      hash: md5
      md5: 2309cc5f04782ed9bb6016d9f4e381cf
      size: 61194
    - path: eda.py
      hash: md5
      md5: 50d774d0e1f053a5b533a1b658b9ec86
      size: 1331
    outs:
    - path: reports/eda
      hash: md5
      md5: 15e4190eec059d3cccda4ada588e060f.dir
      size: 3711
      nfiles: 1
